
Microsoft Visual Studio Solution File, Format Version 12.00
# Visual Studio Version 16
VisualStudioVersion = 16.0.35229.62
MinimumVisualStudioVersion = 10.0.40219.1
Project("{FAE04EC0-301F-11D3-BF4B-00C04F79EFBC}") = "Bai4_MD5_NguyenKhacDuyHung_63132095", "Bai4_MD5_NguyenKhacDuyHung_63132095.csproj", "{53701589-BA11-4A19-B22E-11864DFAAE1B}"
EndProject
Global
	GlobalSection(SolutionConfigurationPlatforms) = preSolution
		Debug|Any CPU = Debug|Any CPU
		Release|Any CPU = Release|Any CPU
	EndGlobalSection
	GlobalSection(ProjectConfigurationPlatforms) = postSolution
		{53701589-BA11-4A19-B22E-11864DFAAE1B}.Debug|Any CPU.ActiveCfg = Debug|Any CPU
		{53701589-BA11-4A19-B22E-11864DFAAE1B}.Debug|Any CPU.Build.0 = Debug|Any CPU
		{53701589-BA11-4A19-B22E-11864DFAAE1B}.Release|Any CPU.ActiveCfg = Release|Any CPU
		{53701589-BA11-4A19-B22E-11864DFAAE1B}.Release|Any CPU.Build.0 = Release|Any CPU
	EndGlobalSection
	GlobalSection(SolutionProperties) = preSolution
		HideSolutionNode = FALSE
	EndGlobalSection
	GlobalSection(ExtensibilityGlobals) = postSolution
		SolutionGuid = {B63E81C8-5E39-4480-8A62-FAE83C71FACB}
	EndGlobalSection
EndGlobal
